
Microsoft Visual Studio Solution File, Format Version 12.00
# Visual Studio Version 17
VisualStudioVersion = 17.8.34322.80
MinimumVisualStudioVersion = 10.0.40219.1
Project("{FAE04EC0-301F-11D3-BF4B-00C04F79EFBC}") = "MVC Countries", "MVC Countries.csproj", "{768E1181-6084-4B2A-9AA5-AD69F8BF4173}"
EndProject
Global
	GlobalSection(SolutionConfigurationPlatforms) = preSolution
		Debug|Any CPU = Debug|Any CPU
		Release|Any CPU = Release|Any CPU
	EndGlobalSection
	GlobalSection(ProjectConfigurationPlatforms) = postSolution
		{768E1181-6084-4B2A-9AA5-AD69F8BF4173}.Debug|Any CPU.ActiveCfg = Debug|Any CPU
		{768E1181-6084-4B2A-9AA5-AD69F8BF4173}.Debug|Any CPU.Build.0 = Debug|Any CPU
		{768E1181-6084-4B2A-9AA5-AD69F8BF4173}.Release|Any CPU.ActiveCfg = Release|Any CPU
		{768E1181-6084-4B2A-9AA5-AD69F8BF4173}.Release|Any CPU.Build.0 = Release|Any CPU
	EndGlobalSection
	GlobalSection(SolutionProperties) = preSolution
		HideSolutionNode = FALSE
	EndGlobalSection
	GlobalSection(ExtensibilityGlobals) = postSolution
		SolutionGuid = {0F495899-33AA-40C1-BD24-C8CB427387C9}
	EndGlobalSection
EndGlobal
